
Microsoft Visual Studio Solution File, Format Version 12.00
# Visual Studio 14
VisualStudioVersion = 14.0.23107.0
MinimumVisualStudioVersion = 10.0.40219.1
Project("{FAE04EC0-301F-11D3-BF4B-00C04F79EFBC}") = "MineSweeper", "MineSweeper\MineSweeper.csproj", "{273ABFA6-1A14-4BF2-92BF-3810911BB917}"
EndProject
Project("{FAE04EC0-301F-11D3-BF4B-00C04F79EFBC}") = "MineSweeperCalc", "MineSweeperCalc\MineSweeperCalc.csproj", "{1E0A1BFE-76BE-4CD3-9C29-4A417A7F3C2E}"
EndProject
Project("{FAE04EC0-301F-11D3-BF4B-00C04F79EFBC}") = "MineSweeperAnalyzer", "MineSweeperAnalyzer\MineSweeperAnalyzer.csproj", "{C527B085-2610-4369-AF29-26A4685C2EA7}"
EndProject
Global
	GlobalSection(SolutionConfigurationPlatforms) = preSolution
		Debug|Any CPU = Debug|Any CPU
		Release|Any CPU = Release|Any CPU
	EndGlobalSection
	GlobalSection(ProjectConfigurationPlatforms) = postSolution
		{273ABFA6-1A14-4BF2-92BF-3810911BB917}.Debug|Any CPU.ActiveCfg = Debug|Any CPU
		{273ABFA6-1A14-4BF2-92BF-3810911BB917}.Debug|Any CPU.Build.0 = Debug|Any CPU
		{273ABFA6-1A14-4BF2-92BF-3810911BB917}.Release|Any CPU.ActiveCfg = Release|Any CPU
		{273ABFA6-1A14-4BF2-92BF-3810911BB917}.Release|Any CPU.Build.0 = Release|Any CPU
		{1E0A1BFE-76BE-4CD3-9C29-4A417A7F3C2E}.Debug|Any CPU.ActiveCfg = Debug|Any CPU
		{1E0A1BFE-76BE-4CD3-9C29-4A417A7F3C2E}.Debug|Any CPU.Build.0 = Debug|Any CPU
		{1E0A1BFE-76BE-4CD3-9C29-4A417A7F3C2E}.Release|Any CPU.ActiveCfg = Release|Any CPU
		{1E0A1BFE-76BE-4CD3-9C29-4A417A7F3C2E}.Release|Any CPU.Build.0 = Release|Any CPU
		{C527B085-2610-4369-AF29-26A4685C2EA7}.Debug|Any CPU.ActiveCfg = Debug|Any CPU
		{C527B085-2610-4369-AF29-26A4685C2EA7}.Debug|Any CPU.Build.0 = Debug|Any CPU
		{C527B085-2610-4369-AF29-26A4685C2EA7}.Release|Any CPU.ActiveCfg = Release|Any CPU
		{C527B085-2610-4369-AF29-26A4685C2EA7}.Release|Any CPU.Build.0 = Release|Any CPU
	EndGlobalSection
	GlobalSection(SolutionProperties) = preSolution
		HideSolutionNode = FALSE
	EndGlobalSection
EndGlobal
