
Microsoft Visual Studio Solution File, Format Version 12.00
# Visual Studio 14
VisualStudioVersion = 14.0.23107.0
MinimumVisualStudioVersion = 10.0.40219.1
Project("{FAE04EC0-301F-11D3-BF4B-00C04F79EFBC}") = "MineSweeper", "MineSweeper\MineSweeper.csproj", "{273ABFA6-1A14-4BF2-92BF-3810911BB917}"
	ProjectSection(ProjectDependencies) = postProject
		{B0BB7DC3-F3CD-456A-AE21-2D32D7338B59} = {B0BB7DC3-F3CD-456A-AE21-2D32D7338B59}
	EndProjectSection
EndProject
Project("{8BC9CEB8-8B4A-11D0-8D11-00A0C91BC942}") = "MineSweeperSolver", "MineSweeperSolver\MineSweeperSolver.vcxproj", "{B0BB7DC3-F3CD-456A-AE21-2D32D7338B59}"
EndProject
Project("{8BC9CEB8-8B4A-11D0-8D11-00A0C91BC942}") = "MineSweeperSimulator", "MineSweeperSimulator\MineSweeperSimulator.vcxproj", "{F0429C4F-860B-4FA8-ADEA-C6377D7AB10B}"
EndProject
Project("{FAE04EC0-301F-11D3-BF4B-00C04F79EFBC}") = "SimulatorManagerClient", "SimulatorManagerClient\SimulatorManagerClient.csproj", "{FF2A5E9B-BBFE-410E-B026-E010E008F186}"
EndProject
Project("{FAE04EC0-301F-11D3-BF4B-00C04F79EFBC}") = "SimulatorsManager", "SimulatorsManager\SimulatorsManager.csproj", "{E4E87F70-C74B-4FAB-81E7-E2B7FD01331A}"
EndProject
Project("{8BC9CEB8-8B4A-11D0-8D11-00A0C91BC942}") = "MineSweeperDemo", "MineSweeperDemo\MineSweeperDemo.vcxproj", "{4AF838F1-BDA7-4C68-9641-314596BB700D}"
EndProject
Global
	GlobalSection(SolutionConfigurationPlatforms) = preSolution
		Debug|Any CPU = Debug|Any CPU
		Debug|x64 = Debug|x64
		Debug|x86 = Debug|x86
		DebugDemo|Any CPU = DebugDemo|Any CPU
		DebugDemo|x64 = DebugDemo|x64
		DebugDemo|x86 = DebugDemo|x86
		DebugSimu|Any CPU = DebugSimu|Any CPU
		DebugSimu|x64 = DebugSimu|x64
		DebugSimu|x86 = DebugSimu|x86
		Release|Any CPU = Release|Any CPU
		Release|x64 = Release|x64
		Release|x86 = Release|x86
		ReleaseDemo|Any CPU = ReleaseDemo|Any CPU
		ReleaseDemo|x64 = ReleaseDemo|x64
		ReleaseDemo|x86 = ReleaseDemo|x86
		ReleaseSimu|Any CPU = ReleaseSimu|Any CPU
		ReleaseSimu|x64 = ReleaseSimu|x64
		ReleaseSimu|x86 = ReleaseSimu|x86
	EndGlobalSection
	GlobalSection(ProjectConfigurationPlatforms) = postSolution
		{273ABFA6-1A14-4BF2-92BF-3810911BB917}.Debug|Any CPU.ActiveCfg = Debug|x64
		{273ABFA6-1A14-4BF2-92BF-3810911BB917}.Debug|x64.ActiveCfg = Debug|x64
		{273ABFA6-1A14-4BF2-92BF-3810911BB917}.Debug|x64.Build.0 = Debug|x64
		{273ABFA6-1A14-4BF2-92BF-3810911BB917}.Debug|x86.ActiveCfg = Debug|x64
		{273ABFA6-1A14-4BF2-92BF-3810911BB917}.DebugDemo|Any CPU.ActiveCfg = Debug|x64
		{273ABFA6-1A14-4BF2-92BF-3810911BB917}.DebugDemo|x64.ActiveCfg = Debug|x64
		{273ABFA6-1A14-4BF2-92BF-3810911BB917}.DebugDemo|x86.ActiveCfg = Debug|x64
		{273ABFA6-1A14-4BF2-92BF-3810911BB917}.DebugSimu|Any CPU.ActiveCfg = Release|x64
		{273ABFA6-1A14-4BF2-92BF-3810911BB917}.DebugSimu|Any CPU.Build.0 = Release|x64
		{273ABFA6-1A14-4BF2-92BF-3810911BB917}.DebugSimu|x64.ActiveCfg = Debug|x64
		{273ABFA6-1A14-4BF2-92BF-3810911BB917}.DebugSimu|x86.ActiveCfg = Release|x64
		{273ABFA6-1A14-4BF2-92BF-3810911BB917}.DebugSimu|x86.Build.0 = Release|x64
		{273ABFA6-1A14-4BF2-92BF-3810911BB917}.Release|Any CPU.ActiveCfg = Release|x64
		{273ABFA6-1A14-4BF2-92BF-3810911BB917}.Release|x64.ActiveCfg = Release|x64
		{273ABFA6-1A14-4BF2-92BF-3810911BB917}.Release|x64.Build.0 = Release|x64
		{273ABFA6-1A14-4BF2-92BF-3810911BB917}.Release|x86.ActiveCfg = Release|x64
		{273ABFA6-1A14-4BF2-92BF-3810911BB917}.ReleaseDemo|Any CPU.ActiveCfg = Release|x64
		{273ABFA6-1A14-4BF2-92BF-3810911BB917}.ReleaseDemo|x64.ActiveCfg = Release|x64
		{273ABFA6-1A14-4BF2-92BF-3810911BB917}.ReleaseDemo|x86.ActiveCfg = Release|x64
		{273ABFA6-1A14-4BF2-92BF-3810911BB917}.ReleaseSimu|Any CPU.ActiveCfg = Release|x64
		{273ABFA6-1A14-4BF2-92BF-3810911BB917}.ReleaseSimu|Any CPU.Build.0 = Release|x64
		{273ABFA6-1A14-4BF2-92BF-3810911BB917}.ReleaseSimu|x64.ActiveCfg = Release|x64
		{273ABFA6-1A14-4BF2-92BF-3810911BB917}.ReleaseSimu|x86.ActiveCfg = Release|x64
		{273ABFA6-1A14-4BF2-92BF-3810911BB917}.ReleaseSimu|x86.Build.0 = Release|x64
		{B0BB7DC3-F3CD-456A-AE21-2D32D7338B59}.Debug|Any CPU.ActiveCfg = Debug|Win32
		{B0BB7DC3-F3CD-456A-AE21-2D32D7338B59}.Debug|x64.ActiveCfg = Debug|x64
		{B0BB7DC3-F3CD-456A-AE21-2D32D7338B59}.Debug|x64.Build.0 = Debug|x64
		{B0BB7DC3-F3CD-456A-AE21-2D32D7338B59}.Debug|x86.ActiveCfg = Debug|Win32
		{B0BB7DC3-F3CD-456A-AE21-2D32D7338B59}.Debug|x86.Build.0 = Debug|Win32
		{B0BB7DC3-F3CD-456A-AE21-2D32D7338B59}.DebugDemo|Any CPU.ActiveCfg = Debug|Win32
		{B0BB7DC3-F3CD-456A-AE21-2D32D7338B59}.DebugDemo|x64.ActiveCfg = Release|x64
		{B0BB7DC3-F3CD-456A-AE21-2D32D7338B59}.DebugDemo|x64.Build.0 = Release|x64
		{B0BB7DC3-F3CD-456A-AE21-2D32D7338B59}.DebugDemo|x86.ActiveCfg = Debug|Win32
		{B0BB7DC3-F3CD-456A-AE21-2D32D7338B59}.DebugDemo|x86.Build.0 = Debug|Win32
		{B0BB7DC3-F3CD-456A-AE21-2D32D7338B59}.DebugSimu|Any CPU.ActiveCfg = Release|Win32
		{B0BB7DC3-F3CD-456A-AE21-2D32D7338B59}.DebugSimu|Any CPU.Build.0 = Release|Win32
		{B0BB7DC3-F3CD-456A-AE21-2D32D7338B59}.DebugSimu|x64.ActiveCfg = Debug|x64
		{B0BB7DC3-F3CD-456A-AE21-2D32D7338B59}.DebugSimu|x64.Build.0 = Debug|x64
		{B0BB7DC3-F3CD-456A-AE21-2D32D7338B59}.DebugSimu|x86.ActiveCfg = Debug|Win32
		{B0BB7DC3-F3CD-456A-AE21-2D32D7338B59}.DebugSimu|x86.Build.0 = Debug|Win32
		{B0BB7DC3-F3CD-456A-AE21-2D32D7338B59}.Release|Any CPU.ActiveCfg = Release|Win32
		{B0BB7DC3-F3CD-456A-AE21-2D32D7338B59}.Release|x64.ActiveCfg = Release|x64
		{B0BB7DC3-F3CD-456A-AE21-2D32D7338B59}.Release|x64.Build.0 = Release|x64
		{B0BB7DC3-F3CD-456A-AE21-2D32D7338B59}.Release|x86.ActiveCfg = Release|Win32
		{B0BB7DC3-F3CD-456A-AE21-2D32D7338B59}.Release|x86.Build.0 = Release|Win32
		{B0BB7DC3-F3CD-456A-AE21-2D32D7338B59}.ReleaseDemo|Any CPU.ActiveCfg = Release|Win32
		{B0BB7DC3-F3CD-456A-AE21-2D32D7338B59}.ReleaseDemo|x64.ActiveCfg = Release|x64
		{B0BB7DC3-F3CD-456A-AE21-2D32D7338B59}.ReleaseDemo|x64.Build.0 = Release|x64
		{B0BB7DC3-F3CD-456A-AE21-2D32D7338B59}.ReleaseDemo|x86.ActiveCfg = Release|Win32
		{B0BB7DC3-F3CD-456A-AE21-2D32D7338B59}.ReleaseDemo|x86.Build.0 = Release|Win32
		{B0BB7DC3-F3CD-456A-AE21-2D32D7338B59}.ReleaseSimu|Any CPU.ActiveCfg = Release|Win32
		{B0BB7DC3-F3CD-456A-AE21-2D32D7338B59}.ReleaseSimu|Any CPU.Build.0 = Release|Win32
		{B0BB7DC3-F3CD-456A-AE21-2D32D7338B59}.ReleaseSimu|x64.ActiveCfg = Release|x64
		{B0BB7DC3-F3CD-456A-AE21-2D32D7338B59}.ReleaseSimu|x64.Build.0 = Release|x64
		{B0BB7DC3-F3CD-456A-AE21-2D32D7338B59}.ReleaseSimu|x86.ActiveCfg = Release|Win32
		{B0BB7DC3-F3CD-456A-AE21-2D32D7338B59}.ReleaseSimu|x86.Build.0 = Release|Win32
		{F0429C4F-860B-4FA8-ADEA-C6377D7AB10B}.Debug|Any CPU.ActiveCfg = Debug|Win32
		{F0429C4F-860B-4FA8-ADEA-C6377D7AB10B}.Debug|x64.ActiveCfg = Debug|x64
		{F0429C4F-860B-4FA8-ADEA-C6377D7AB10B}.Debug|x86.ActiveCfg = Debug|Win32
		{F0429C4F-860B-4FA8-ADEA-C6377D7AB10B}.Debug|x86.Build.0 = Debug|Win32
		{F0429C4F-860B-4FA8-ADEA-C6377D7AB10B}.DebugDemo|Any CPU.ActiveCfg = Debug|Win32
		{F0429C4F-860B-4FA8-ADEA-C6377D7AB10B}.DebugDemo|x64.ActiveCfg = Debug|x64
		{F0429C4F-860B-4FA8-ADEA-C6377D7AB10B}.DebugDemo|x86.ActiveCfg = Debug|Win32
		{F0429C4F-860B-4FA8-ADEA-C6377D7AB10B}.DebugDemo|x86.Build.0 = Debug|Win32
		{F0429C4F-860B-4FA8-ADEA-C6377D7AB10B}.DebugSimu|Any CPU.ActiveCfg = Release|Win32
		{F0429C4F-860B-4FA8-ADEA-C6377D7AB10B}.DebugSimu|Any CPU.Build.0 = Release|Win32
		{F0429C4F-860B-4FA8-ADEA-C6377D7AB10B}.DebugSimu|x64.ActiveCfg = Debug|x64
		{F0429C4F-860B-4FA8-ADEA-C6377D7AB10B}.DebugSimu|x64.Build.0 = Debug|x64
		{F0429C4F-860B-4FA8-ADEA-C6377D7AB10B}.DebugSimu|x86.ActiveCfg = Debug|Win32
		{F0429C4F-860B-4FA8-ADEA-C6377D7AB10B}.DebugSimu|x86.Build.0 = Debug|Win32
		{F0429C4F-860B-4FA8-ADEA-C6377D7AB10B}.Release|Any CPU.ActiveCfg = Release|Win32
		{F0429C4F-860B-4FA8-ADEA-C6377D7AB10B}.Release|x64.ActiveCfg = Release|x64
		{F0429C4F-860B-4FA8-ADEA-C6377D7AB10B}.Release|x86.ActiveCfg = Release|Win32
		{F0429C4F-860B-4FA8-ADEA-C6377D7AB10B}.Release|x86.Build.0 = Release|Win32
		{F0429C4F-860B-4FA8-ADEA-C6377D7AB10B}.ReleaseDemo|Any CPU.ActiveCfg = Release|Win32
		{F0429C4F-860B-4FA8-ADEA-C6377D7AB10B}.ReleaseDemo|x64.ActiveCfg = Release|x64
		{F0429C4F-860B-4FA8-ADEA-C6377D7AB10B}.ReleaseDemo|x86.ActiveCfg = Release|Win32
		{F0429C4F-860B-4FA8-ADEA-C6377D7AB10B}.ReleaseDemo|x86.Build.0 = Release|Win32
		{F0429C4F-860B-4FA8-ADEA-C6377D7AB10B}.ReleaseSimu|Any CPU.ActiveCfg = Release|Win32
		{F0429C4F-860B-4FA8-ADEA-C6377D7AB10B}.ReleaseSimu|Any CPU.Build.0 = Release|Win32
		{F0429C4F-860B-4FA8-ADEA-C6377D7AB10B}.ReleaseSimu|x64.ActiveCfg = Release|x64
		{F0429C4F-860B-4FA8-ADEA-C6377D7AB10B}.ReleaseSimu|x64.Build.0 = Release|x64
		{F0429C4F-860B-4FA8-ADEA-C6377D7AB10B}.ReleaseSimu|x86.ActiveCfg = Release|Win32
		{F0429C4F-860B-4FA8-ADEA-C6377D7AB10B}.ReleaseSimu|x86.Build.0 = Release|Win32
		{FF2A5E9B-BBFE-410E-B026-E010E008F186}.Debug|Any CPU.ActiveCfg = Debug|Any CPU
		{FF2A5E9B-BBFE-410E-B026-E010E008F186}.Debug|Any CPU.Build.0 = Debug|Any CPU
		{FF2A5E9B-BBFE-410E-B026-E010E008F186}.Debug|x64.ActiveCfg = Debug|Any CPU
		{FF2A5E9B-BBFE-410E-B026-E010E008F186}.Debug|x86.ActiveCfg = Debug|Any CPU
		{FF2A5E9B-BBFE-410E-B026-E010E008F186}.Debug|x86.Build.0 = Debug|Any CPU
		{FF2A5E9B-BBFE-410E-B026-E010E008F186}.DebugDemo|Any CPU.ActiveCfg = Debug|Any CPU
		{FF2A5E9B-BBFE-410E-B026-E010E008F186}.DebugDemo|Any CPU.Build.0 = Debug|Any CPU
		{FF2A5E9B-BBFE-410E-B026-E010E008F186}.DebugDemo|x64.ActiveCfg = Debug|Any CPU
		{FF2A5E9B-BBFE-410E-B026-E010E008F186}.DebugDemo|x86.ActiveCfg = Debug|Any CPU
		{FF2A5E9B-BBFE-410E-B026-E010E008F186}.DebugDemo|x86.Build.0 = Debug|Any CPU
		{FF2A5E9B-BBFE-410E-B026-E010E008F186}.DebugSimu|Any CPU.ActiveCfg = Debug|Any CPU
		{FF2A5E9B-BBFE-410E-B026-E010E008F186}.DebugSimu|Any CPU.Build.0 = Debug|Any CPU
		{FF2A5E9B-BBFE-410E-B026-E010E008F186}.DebugSimu|x64.ActiveCfg = Debug|Any CPU
		{FF2A5E9B-BBFE-410E-B026-E010E008F186}.DebugSimu|x64.Build.0 = Debug|Any CPU
		{FF2A5E9B-BBFE-410E-B026-E010E008F186}.DebugSimu|x86.ActiveCfg = Debug|Any CPU
		{FF2A5E9B-BBFE-410E-B026-E010E008F186}.DebugSimu|x86.Build.0 = Debug|Any CPU
		{FF2A5E9B-BBFE-410E-B026-E010E008F186}.Release|Any CPU.ActiveCfg = Release|Any CPU
		{FF2A5E9B-BBFE-410E-B026-E010E008F186}.Release|Any CPU.Build.0 = Release|Any CPU
		{FF2A5E9B-BBFE-410E-B026-E010E008F186}.Release|x64.ActiveCfg = Release|Any CPU
		{FF2A5E9B-BBFE-410E-B026-E010E008F186}.Release|x86.ActiveCfg = Release|Any CPU
		{FF2A5E9B-BBFE-410E-B026-E010E008F186}.Release|x86.Build.0 = Release|Any CPU
		{FF2A5E9B-BBFE-410E-B026-E010E008F186}.ReleaseDemo|Any CPU.ActiveCfg = Release|Any CPU
		{FF2A5E9B-BBFE-410E-B026-E010E008F186}.ReleaseDemo|Any CPU.Build.0 = Release|Any CPU
		{FF2A5E9B-BBFE-410E-B026-E010E008F186}.ReleaseDemo|x64.ActiveCfg = Release|Any CPU
		{FF2A5E9B-BBFE-410E-B026-E010E008F186}.ReleaseDemo|x86.ActiveCfg = Release|Any CPU
		{FF2A5E9B-BBFE-410E-B026-E010E008F186}.ReleaseDemo|x86.Build.0 = Release|Any CPU
		{FF2A5E9B-BBFE-410E-B026-E010E008F186}.ReleaseSimu|Any CPU.ActiveCfg = Release|Any CPU
		{FF2A5E9B-BBFE-410E-B026-E010E008F186}.ReleaseSimu|Any CPU.Build.0 = Release|Any CPU
		{FF2A5E9B-BBFE-410E-B026-E010E008F186}.ReleaseSimu|x64.ActiveCfg = Release|Any CPU
		{FF2A5E9B-BBFE-410E-B026-E010E008F186}.ReleaseSimu|x64.Build.0 = Release|Any CPU
		{FF2A5E9B-BBFE-410E-B026-E010E008F186}.ReleaseSimu|x86.ActiveCfg = Release|Any CPU
		{FF2A5E9B-BBFE-410E-B026-E010E008F186}.ReleaseSimu|x86.Build.0 = Release|Any CPU
		{E4E87F70-C74B-4FAB-81E7-E2B7FD01331A}.Debug|Any CPU.ActiveCfg = Debug|x64
		{E4E87F70-C74B-4FAB-81E7-E2B7FD01331A}.Debug|x64.ActiveCfg = Debug|x64
		{E4E87F70-C74B-4FAB-81E7-E2B7FD01331A}.Debug|x64.Build.0 = Debug|x64
		{E4E87F70-C74B-4FAB-81E7-E2B7FD01331A}.Debug|x86.ActiveCfg = Debug|x64
		{E4E87F70-C74B-4FAB-81E7-E2B7FD01331A}.DebugDemo|Any CPU.ActiveCfg = Release|x64
		{E4E87F70-C74B-4FAB-81E7-E2B7FD01331A}.DebugDemo|Any CPU.Build.0 = Release|x64
		{E4E87F70-C74B-4FAB-81E7-E2B7FD01331A}.DebugDemo|x64.ActiveCfg = Debug|x64
		{E4E87F70-C74B-4FAB-81E7-E2B7FD01331A}.DebugDemo|x64.Build.0 = Debug|x64
		{E4E87F70-C74B-4FAB-81E7-E2B7FD01331A}.DebugDemo|x86.ActiveCfg = Release|x64
		{E4E87F70-C74B-4FAB-81E7-E2B7FD01331A}.DebugDemo|x86.Build.0 = Release|x64
		{E4E87F70-C74B-4FAB-81E7-E2B7FD01331A}.DebugSimu|Any CPU.ActiveCfg = Release|x64
		{E4E87F70-C74B-4FAB-81E7-E2B7FD01331A}.DebugSimu|Any CPU.Build.0 = Release|x64
		{E4E87F70-C74B-4FAB-81E7-E2B7FD01331A}.DebugSimu|x64.ActiveCfg = Debug|x64
		{E4E87F70-C74B-4FAB-81E7-E2B7FD01331A}.DebugSimu|x64.Build.0 = Debug|x64
		{E4E87F70-C74B-4FAB-81E7-E2B7FD01331A}.DebugSimu|x86.ActiveCfg = Release|x64
		{E4E87F70-C74B-4FAB-81E7-E2B7FD01331A}.DebugSimu|x86.Build.0 = Release|x64
		{E4E87F70-C74B-4FAB-81E7-E2B7FD01331A}.Release|Any CPU.ActiveCfg = Release|x64
		{E4E87F70-C74B-4FAB-81E7-E2B7FD01331A}.Release|x64.ActiveCfg = Release|x64
		{E4E87F70-C74B-4FAB-81E7-E2B7FD01331A}.Release|x64.Build.0 = Release|x64
		{E4E87F70-C74B-4FAB-81E7-E2B7FD01331A}.Release|x86.ActiveCfg = Release|x64
		{E4E87F70-C74B-4FAB-81E7-E2B7FD01331A}.ReleaseDemo|Any CPU.ActiveCfg = Release|x64
		{E4E87F70-C74B-4FAB-81E7-E2B7FD01331A}.ReleaseDemo|Any CPU.Build.0 = Release|x64
		{E4E87F70-C74B-4FAB-81E7-E2B7FD01331A}.ReleaseDemo|x64.ActiveCfg = Release|x64
		{E4E87F70-C74B-4FAB-81E7-E2B7FD01331A}.ReleaseDemo|x64.Build.0 = Release|x64
		{E4E87F70-C74B-4FAB-81E7-E2B7FD01331A}.ReleaseDemo|x86.ActiveCfg = Release|x64
		{E4E87F70-C74B-4FAB-81E7-E2B7FD01331A}.ReleaseDemo|x86.Build.0 = Release|x64
		{E4E87F70-C74B-4FAB-81E7-E2B7FD01331A}.ReleaseSimu|Any CPU.ActiveCfg = Release|x64
		{E4E87F70-C74B-4FAB-81E7-E2B7FD01331A}.ReleaseSimu|Any CPU.Build.0 = Release|x64
		{E4E87F70-C74B-4FAB-81E7-E2B7FD01331A}.ReleaseSimu|x64.ActiveCfg = Release|x64
		{E4E87F70-C74B-4FAB-81E7-E2B7FD01331A}.ReleaseSimu|x64.Build.0 = Release|x64
		{E4E87F70-C74B-4FAB-81E7-E2B7FD01331A}.ReleaseSimu|x86.ActiveCfg = Release|x64
		{E4E87F70-C74B-4FAB-81E7-E2B7FD01331A}.ReleaseSimu|x86.Build.0 = Release|x64
		{4AF838F1-BDA7-4C68-9641-314596BB700D}.Debug|Any CPU.ActiveCfg = Debug|x64
		{4AF838F1-BDA7-4C68-9641-314596BB700D}.Debug|x64.ActiveCfg = Debug|x64
		{4AF838F1-BDA7-4C68-9641-314596BB700D}.Debug|x64.Build.0 = Debug|x64
		{4AF838F1-BDA7-4C68-9641-314596BB700D}.Debug|x86.ActiveCfg = Debug|x64
		{4AF838F1-BDA7-4C68-9641-314596BB700D}.DebugDemo|Any CPU.ActiveCfg = Release|x64
		{4AF838F1-BDA7-4C68-9641-314596BB700D}.DebugDemo|Any CPU.Build.0 = Release|x64
		{4AF838F1-BDA7-4C68-9641-314596BB700D}.DebugDemo|x64.ActiveCfg = Debug|x64
		{4AF838F1-BDA7-4C68-9641-314596BB700D}.DebugDemo|x64.Build.0 = Debug|x64
		{4AF838F1-BDA7-4C68-9641-314596BB700D}.DebugDemo|x86.ActiveCfg = Release|x64
		{4AF838F1-BDA7-4C68-9641-314596BB700D}.DebugDemo|x86.Build.0 = Release|x64
		{4AF838F1-BDA7-4C68-9641-314596BB700D}.DebugSimu|Any CPU.ActiveCfg = Release|x64
		{4AF838F1-BDA7-4C68-9641-314596BB700D}.DebugSimu|Any CPU.Build.0 = Release|x64
		{4AF838F1-BDA7-4C68-9641-314596BB700D}.DebugSimu|x64.ActiveCfg = Debug|x64
		{4AF838F1-BDA7-4C68-9641-314596BB700D}.DebugSimu|x64.Build.0 = Debug|x64
		{4AF838F1-BDA7-4C68-9641-314596BB700D}.DebugSimu|x86.ActiveCfg = Release|x64
		{4AF838F1-BDA7-4C68-9641-314596BB700D}.DebugSimu|x86.Build.0 = Release|x64
		{4AF838F1-BDA7-4C68-9641-314596BB700D}.Release|Any CPU.ActiveCfg = Release|x64
		{4AF838F1-BDA7-4C68-9641-314596BB700D}.Release|x64.ActiveCfg = Release|x64
		{4AF838F1-BDA7-4C68-9641-314596BB700D}.Release|x64.Build.0 = Release|x64
		{4AF838F1-BDA7-4C68-9641-314596BB700D}.Release|x86.ActiveCfg = Release|x64
		{4AF838F1-BDA7-4C68-9641-314596BB700D}.ReleaseDemo|Any CPU.ActiveCfg = Release|x64
		{4AF838F1-BDA7-4C68-9641-314596BB700D}.ReleaseDemo|Any CPU.Build.0 = Release|x64
		{4AF838F1-BDA7-4C68-9641-314596BB700D}.ReleaseDemo|x64.ActiveCfg = Release|x64
		{4AF838F1-BDA7-4C68-9641-314596BB700D}.ReleaseDemo|x64.Build.0 = Release|x64
		{4AF838F1-BDA7-4C68-9641-314596BB700D}.ReleaseDemo|x86.ActiveCfg = Release|x64
		{4AF838F1-BDA7-4C68-9641-314596BB700D}.ReleaseDemo|x86.Build.0 = Release|x64
		{4AF838F1-BDA7-4C68-9641-314596BB700D}.ReleaseSimu|Any CPU.ActiveCfg = Release|x64
		{4AF838F1-BDA7-4C68-9641-314596BB700D}.ReleaseSimu|Any CPU.Build.0 = Release|x64
		{4AF838F1-BDA7-4C68-9641-314596BB700D}.ReleaseSimu|x64.ActiveCfg = Release|x64
		{4AF838F1-BDA7-4C68-9641-314596BB700D}.ReleaseSimu|x64.Build.0 = Release|x64
		{4AF838F1-BDA7-4C68-9641-314596BB700D}.ReleaseSimu|x86.ActiveCfg = Release|x64
		{4AF838F1-BDA7-4C68-9641-314596BB700D}.ReleaseSimu|x86.Build.0 = Release|x64
	EndGlobalSection
	GlobalSection(SolutionProperties) = preSolution
		HideSolutionNode = FALSE
	EndGlobalSection
EndGlobal
