
Microsoft Visual Studio Solution File, Format Version 12.00
# Visual Studio 14
VisualStudioVersion = 14.0.23107.0
MinimumVisualStudioVersion = 10.0.40219.1
Project("{FAE04EC0-301F-11D3-BF4B-00C04F79EFBC}") = "MineSweeper", "MineSweeper\MineSweeper.csproj", "{273ABFA6-1A14-4BF2-92BF-3810911BB917}"
	ProjectSection(ProjectDependencies) = postProject
		{B0BB7DC3-F3CD-456A-AE21-2D32D7338B59} = {B0BB7DC3-F3CD-456A-AE21-2D32D7338B59}
	EndProjectSection
EndProject
Project("{FAE04EC0-301F-11D3-BF4B-00C04F79EFBC}") = "MineSweeperCalc", "MineSweeperCalc\MineSweeperCalc.csproj", "{1E0A1BFE-76BE-4CD3-9C29-4A417A7F3C2E}"
EndProject
Project("{8BC9CEB8-8B4A-11D0-8D11-00A0C91BC942}") = "MineSweeperSolver", "MineSweeperSolver\MineSweeperSolver.vcxproj", "{B0BB7DC3-F3CD-456A-AE21-2D32D7338B59}"
EndProject
Project("{8BC9CEB8-8B4A-11D0-8D11-00A0C91BC942}") = "MineSweeperSimulator", "MineSweeperSimulator\MineSweeperSimulator.vcxproj", "{F0429C4F-860B-4FA8-ADEA-C6377D7AB10B}"
EndProject
Global
	GlobalSection(SolutionConfigurationPlatforms) = preSolution
		Debug|x64 = Debug|x64
		DebugSimu|x64 = DebugSimu|x64
		Release|x64 = Release|x64
		ReleaseSimu|x64 = ReleaseSimu|x64
	EndGlobalSection
	GlobalSection(ProjectConfigurationPlatforms) = postSolution
		{273ABFA6-1A14-4BF2-92BF-3810911BB917}.Debug|x64.ActiveCfg = Debug|Any CPU
		{273ABFA6-1A14-4BF2-92BF-3810911BB917}.Debug|x64.Build.0 = Debug|Any CPU
		{273ABFA6-1A14-4BF2-92BF-3810911BB917}.DebugSimu|x64.ActiveCfg = Debug|Any CPU
		{273ABFA6-1A14-4BF2-92BF-3810911BB917}.Release|x64.ActiveCfg = Release|Any CPU
		{273ABFA6-1A14-4BF2-92BF-3810911BB917}.Release|x64.Build.0 = Release|Any CPU
		{273ABFA6-1A14-4BF2-92BF-3810911BB917}.ReleaseSimu|x64.ActiveCfg = Release|Any CPU
		{1E0A1BFE-76BE-4CD3-9C29-4A417A7F3C2E}.Debug|x64.ActiveCfg = Debug|Any CPU
		{1E0A1BFE-76BE-4CD3-9C29-4A417A7F3C2E}.DebugSimu|x64.ActiveCfg = Debug|Any CPU
		{1E0A1BFE-76BE-4CD3-9C29-4A417A7F3C2E}.Release|x64.ActiveCfg = Release|Any CPU
		{1E0A1BFE-76BE-4CD3-9C29-4A417A7F3C2E}.ReleaseSimu|x64.ActiveCfg = Release|Any CPU
		{B0BB7DC3-F3CD-456A-AE21-2D32D7338B59}.Debug|x64.ActiveCfg = Debug|x64
		{B0BB7DC3-F3CD-456A-AE21-2D32D7338B59}.Debug|x64.Build.0 = Debug|x64
		{B0BB7DC3-F3CD-456A-AE21-2D32D7338B59}.DebugSimu|x64.ActiveCfg = Debug|x64
		{B0BB7DC3-F3CD-456A-AE21-2D32D7338B59}.DebugSimu|x64.Build.0 = Debug|x64
		{B0BB7DC3-F3CD-456A-AE21-2D32D7338B59}.Release|x64.ActiveCfg = Release|x64
		{B0BB7DC3-F3CD-456A-AE21-2D32D7338B59}.Release|x64.Build.0 = Release|x64
		{B0BB7DC3-F3CD-456A-AE21-2D32D7338B59}.ReleaseSimu|x64.ActiveCfg = Release|x64
		{B0BB7DC3-F3CD-456A-AE21-2D32D7338B59}.ReleaseSimu|x64.Build.0 = Release|x64
		{F0429C4F-860B-4FA8-ADEA-C6377D7AB10B}.Debug|x64.ActiveCfg = Debug|x64
		{F0429C4F-860B-4FA8-ADEA-C6377D7AB10B}.DebugSimu|x64.ActiveCfg = Debug|x64
		{F0429C4F-860B-4FA8-ADEA-C6377D7AB10B}.DebugSimu|x64.Build.0 = Debug|x64
		{F0429C4F-860B-4FA8-ADEA-C6377D7AB10B}.Release|x64.ActiveCfg = Release|x64
		{F0429C4F-860B-4FA8-ADEA-C6377D7AB10B}.ReleaseSimu|x64.ActiveCfg = Release|x64
		{F0429C4F-860B-4FA8-ADEA-C6377D7AB10B}.ReleaseSimu|x64.Build.0 = Release|x64
	EndGlobalSection
	GlobalSection(SolutionProperties) = preSolution
		HideSolutionNode = FALSE
	EndGlobalSection
EndGlobal
